// !$*UTF8*$!
{
	archiveVersion = 1;
	classes = {
	};
	objectVersion = 50;
	objects = {

/* Begin PBXBuildFile section */
		6055E30429FEA23D0014C600 /* AVFoundation.framework in Frameworks */ = {isa = PBXBuildFile; fileRef = 6055E30329FEA23C0014C600 /* AVFoundation.framework */; };
		6055E30629FEA3910014C600 /* CFNetwork.framework in Frameworks */ = {isa = PBXBuildFile; fileRef = 6055E30529FEA3910014C600 /* CFNetwork.framework */; };
		6055E30829FEA3970014C600 /* AdSupport.framework in Frameworks */ = {isa = PBXBuildFile; fileRef = 6055E30729FEA3970014C600 /* AdSupport.framework */; };
		6055E30A29FEA39F0014C600 /* CoreGraphics.framework in Frameworks */ = {isa = PBXBuildFile; fileRef = 6055E30929FEA39F0014C600 /* CoreGraphics.framework */; };
		6055E30C29FEA3A20014C600 /* QuartzCore.framework in Frameworks */ = {isa = PBXBuildFile; fileRef = 6055E30B29FEA3A20014C600 /* QuartzCore.framework */; };
		6055E30E29FEA4A00014C600 /* shisangeIMGUI.framework in Frameworks */ = {isa = PBXBuildFile; fileRef = 6055E30D29FEA4A00014C600 /* shisangeIMGUI.framework */; };
		60D86A7229F901DC007433D4 /* PubgLoad.h in Headers */ = {isa = PBXBuildFile; fileRef = 60D86A5929F901DC007433D4 /* PubgLoad.h */; };
		60D86A7529F901DC007433D4 /* ImGuiDrawView.mm in Sources */ = {isa = PBXBuildFile; fileRef = 60D86A5C29F901DC007433D4 /* ImGuiDrawView.mm */; };
		60D86A7629F901DC007433D4 /* PubgLoad.mm in Sources */ = {isa = PBXBuildFile; fileRef = 60D86A5D29F901DC007433D4 /* PubgLoad.mm */; };
		60D86A7929F901DC007433D4 /* ImGuiDrawView.h in Headers */ = {isa = PBXBuildFile; fileRef = 60D86A6029F901DC007433D4 /* ImGuiDrawView.h */; };
		60D86A7B29F90C1B007433D4 /* MetalKit.framework in Frameworks */ = {isa = PBXBuildFile; fileRef = 60D86A7A29F90C1B007433D4 /* MetalKit.framework */; };
		60D86A7D29F90C2A007433D4 /* Metal.framework in Frameworks */ = {isa = PBXBuildFile; fileRef = 60D86A7C29F90C2A007433D4 /* Metal.framework */; };
		EA203E9028FB07300008CF79 /* UIKit.framework in Frameworks */ = {isa = PBXBuildFile; fileRef = EA203E8F28FB07300008CF79 /* UIKit.framework */; };
		EAC4AE67292552B900FA702B /* Class.h in Headers */ = {isa = PBXBuildFile; fileRef = EAC4AE64292552B800FA702B /* Class.h */; };
		EAC4AE68292552B900FA702B /* GameData.mm in Sources */ = {isa = PBXBuildFile; fileRef = EAC4AE65292552B800FA702B /* GameData.mm */; };
/* End PBXBuildFile section */

/* Begin PBXFileReference section */
		6055E30329FEA23C0014C600 /* AVFoundation.framework */ = {isa = PBXFileReference; lastKnownFileType = wrapper.framework; name = AVFoundation.framework; path = System/Library/Frameworks/AVFoundation.framework; sourceTree = SDKROOT; };
		6055E30529FEA3910014C600 /* CFNetwork.framework */ = {isa = PBXFileReference; lastKnownFileType = wrapper.framework; name = CFNetwork.framework; path = System/Library/Frameworks/CFNetwork.framework; sourceTree = SDKROOT; };
		6055E30729FEA3970014C600 /* AdSupport.framework */ = {isa = PBXFileReference; lastKnownFileType = wrapper.framework; name = AdSupport.framework; path = System/Library/Frameworks/AdSupport.framework; sourceTree = SDKROOT; };
		6055E30929FEA39F0014C600 /* CoreGraphics.framework */ = {isa = PBXFileReference; lastKnownFileType = wrapper.framework; name = CoreGraphics.framework; path = System/Library/Frameworks/CoreGraphics.framework; sourceTree = SDKROOT; };
		6055E30B29FEA3A20014C600 /* QuartzCore.framework */ = {isa = PBXFileReference; lastKnownFileType = wrapper.framework; name = QuartzCore.framework; path = System/Library/Frameworks/QuartzCore.framework; sourceTree = SDKROOT; };
		6055E30D29FEA4A00014C600 /* shisangeIMGUI.framework */ = {isa = PBXFileReference; lastKnownFileType = wrapper.framework; path = shisangeIMGUI.framework; sourceTree = "<group>"; };
		60D86A5929F901DC007433D4 /* PubgLoad.h */ = {isa = PBXFileReference; fileEncoding = 4; lastKnownFileType = sourcecode.c.h; path = PubgLoad.h; sourceTree = "<group>"; };
		60D86A5C29F901DC007433D4 /* ImGuiDrawView.mm */ = {isa = PBXFileReference; fileEncoding = 4; lastKnownFileType = sourcecode.cpp.objcpp; path = ImGuiDrawView.mm; sourceTree = "<group>"; };
		60D86A5D29F901DC007433D4 /* PubgLoad.mm */ = {isa = PBXFileReference; fileEncoding = 4; lastKnownFileType = sourcecode.cpp.objcpp; path = PubgLoad.mm; sourceTree = "<group>"; };
		60D86A6029F901DC007433D4 /* ImGuiDrawView.h */ = {isa = PBXFileReference; fileEncoding = 4; lastKnownFileType = sourcecode.c.h; path = ImGuiDrawView.h; sourceTree = "<group>"; };
		60D86A7A29F90C1B007433D4 /* MetalKit.framework */ = {isa = PBXFileReference; lastKnownFileType = wrapper.framework; name = MetalKit.framework; path = System/Library/Frameworks/MetalKit.framework; sourceTree = SDKROOT; };
		60D86A7C29F90C2A007433D4 /* Metal.framework */ = {isa = PBXFileReference; lastKnownFileType = wrapper.framework; name = Metal.framework; path = System/Library/Frameworks/Metal.framework; sourceTree = SDKROOT; };
		CD7019F2283E76A3006DC3F7 /* 王者绘制.dylib */ = {isa = PBXFileReference; explicitFileType = "compiled.mach-o.dylib"; includeInIndex = 0; path = "王者绘制.dylib"; sourceTree = BUILT_PRODUCTS_DIR; };
		EA203E8F28FB07300008CF79 /* UIKit.framework */ = {isa = PBXFileReference; lastKnownFileType = wrapper.framework; name = UIKit.framework; path = System/Library/Frameworks/UIKit.framework; sourceTree = SDKROOT; };
		EAC4AE64292552B800FA702B /* Class.h */ = {isa = PBXFileReference; fileEncoding = 4; lastKnownFileType = sourcecode.c.h; path = Class.h; sourceTree = "<group>"; };
		EAC4AE65292552B800FA702B /* GameData.mm */ = {isa = PBXFileReference; fileEncoding = 4; lastKnownFileType = sourcecode.cpp.objcpp; path = GameData.mm; sourceTree = "<group>"; };
/* End PBXFileReference section */

/* Begin PBXFrameworksBuildPhase section */
		CD7019EE283E76A3006DC3F7 /* Frameworks */ = {
			isa = PBXFrameworksBuildPhase;
			buildActionMask = 2147483647;
			files = (
				6055E30E29FEA4A00014C600 /* shisangeIMGUI.framework in Frameworks */,
				6055E30C29FEA3A20014C600 /* QuartzCore.framework in Frameworks */,
				6055E30A29FEA39F0014C600 /* CoreGraphics.framework in Frameworks */,
				6055E30829FEA3970014C600 /* AdSupport.framework in Frameworks */,
				6055E30629FEA3910014C600 /* CFNetwork.framework in Frameworks */,
				6055E30429FEA23D0014C600 /* AVFoundation.framework in Frameworks */,
				60D86A7D29F90C2A007433D4 /* Metal.framework in Frameworks */,
				EA203E9028FB07300008CF79 /* UIKit.framework in Frameworks */,
				60D86A7B29F90C1B007433D4 /* MetalKit.framework in Frameworks */,
			);
			runOnlyForDeploymentPostprocessing = 0;
		};
/* End PBXFrameworksBuildPhase section */

/* Begin PBXGroup section */
		60D86A5829F901DC007433D4 /* 菜单激活 */ = {
			isa = PBXGroup;
			children = (
				60D86A6029F901DC007433D4 /* ImGuiDrawView.h */,
				60D86A5C29F901DC007433D4 /* ImGuiDrawView.mm */,
				60D86A5929F901DC007433D4 /* PubgLoad.h */,
				60D86A5D29F901DC007433D4 /* PubgLoad.mm */,
			);
			path = "菜单激活";
			sourceTree = "<group>";
		};
		CD7019E8283E76A3006DC3F7 = {
			isa = PBXGroup;
			children = (
				60D86A5829F901DC007433D4 /* 菜单激活 */,
				CD78082B28D8602200005BF6 /* shisange */,
				CD7019F4283E76A3006DC3F7 /* Frameworks */,
				CD7019F3283E76A3006DC3F7 /* Products */,
			);
			sourceTree = "<group>";
		};
		CD7019F3283E76A3006DC3F7 /* Products */ = {
			isa = PBXGroup;
			children = (
				CD7019F2283E76A3006DC3F7 /* 王者绘制.dylib */,
			);
			name = Products;
			sourceTree = "<group>";
		};
		CD7019F4283E76A3006DC3F7 /* Frameworks */ = {
			isa = PBXGroup;
			children = (
				6055E30D29FEA4A00014C600 /* shisangeIMGUI.framework */,
				6055E30B29FEA3A20014C600 /* QuartzCore.framework */,
				6055E30929FEA39F0014C600 /* CoreGraphics.framework */,
				6055E30729FEA3970014C600 /* AdSupport.framework */,
				6055E30529FEA3910014C600 /* CFNetwork.framework */,
				6055E30329FEA23C0014C600 /* AVFoundation.framework */,
				60D86A7C29F90C2A007433D4 /* Metal.framework */,
				60D86A7A29F90C1B007433D4 /* MetalKit.framework */,
				EA203E8F28FB07300008CF79 /* UIKit.framework */,
			);
			name = Frameworks;
			sourceTree = "<group>";
		};
		CD78082B28D8602200005BF6 /* shisange */ = {
			isa = PBXGroup;
			children = (
				EAC4AE64292552B800FA702B /* Class.h */,
				EAC4AE65292552B800FA702B /* GameData.mm */,
			);
			path = shisange;
			sourceTree = "<group>";
		};
/* End PBXGroup section */

/* Begin PBXHeadersBuildPhase section */
		CD7019EF283E76A3006DC3F7 /* Headers */ = {
			isa = PBXHeadersBuildPhase;
			buildActionMask = 2147483647;
			files = (
				60D86A7229F901DC007433D4 /* PubgLoad.h in Headers */,
				EAC4AE67292552B900FA702B /* Class.h in Headers */,
				60D86A7929F901DC007433D4 /* ImGuiDrawView.h in Headers */,
			);
			runOnlyForDeploymentPostprocessing = 0;
		};
/* End PBXHeadersBuildPhase section */

/* Begin PBXNativeTarget section */
		CD7019F1283E76A3006DC3F7 /* 王者绘制 */ = {
			isa = PBXNativeTarget;
			buildConfigurationList = CD701A05283E76A3006DC3F7 /* Build configuration list for PBXNativeTarget "王者绘制" */;
			buildPhases = (
				CD7019ED283E76A3006DC3F7 /* Sources */,
				CD7019EE283E76A3006DC3F7 /* Frameworks */,
				CD7019EF283E76A3006DC3F7 /* Headers */,
				60AE052C29B24258005F13F3 /* ShellScript */,
			);
			buildRules = (
			);
			dependencies = (
			);
			name = "王者绘制";
			productName = BylibKjc;
			productReference = CD7019F2283E76A3006DC3F7 /* 王者绘制.dylib */;
			productType = "com.apple.product-type.library.dynamic";
		};
/* End PBXNativeTarget section */

/* Begin PBXProject section */
		CD7019E9283E76A3006DC3F7 /* Project object */ = {
			isa = PBXProject;
			attributes = {
				LastUpgradeCheck = 1340;
				TargetAttributes = {
					CD7019F1283E76A3006DC3F7 = {
						CreatedOnToolsVersion = 13.2.1;
					};
				};
			};
			buildConfigurationList = CD7019EC283E76A3006DC3F7 /* Build configuration list for PBXProject "王者绘制" */;
			compatibilityVersion = "Xcode 9.3";
			developmentRegion = en;
			hasScannedForEncodings = 0;
			knownRegions = (
				en,
				Base,
			);
			mainGroup = CD7019E8283E76A3006DC3F7;
			productRefGroup = CD7019E8283E76A3006DC3F7;
			projectDirPath = "";
			projectRoot = "";
			targets = (
				CD7019F1283E76A3006DC3F7 /* 王者绘制 */,
			);
		};
/* End PBXProject section */

/* Begin PBXShellScriptBuildPhase section */
		60AE052C29B24258005F13F3 /* ShellScript */ = {
			isa = PBXShellScriptBuildPhase;
			buildActionMask = 8;
			files = (
			);
			inputFileListPaths = (
			);
			inputPaths = (
			);
			outputFileListPaths = (
			);
			outputPaths = (
			);
			runOnlyForDeploymentPostprocessing = 1;
			shellPath = /bin/sh;
			shellScript = "/opt/MonkeyDev/bin/md --xcbp\n";
		};
/* End PBXShellScriptBuildPhase section */

/* Begin PBXSourcesBuildPhase section */
		CD7019ED283E76A3006DC3F7 /* Sources */ = {
			isa = PBXSourcesBuildPhase;
			buildActionMask = 2147483647;
			files = (
				EAC4AE68292552B900FA702B /* GameData.mm in Sources */,
				60D86A7529F901DC007433D4 /* ImGuiDrawView.mm in Sources */,
				60D86A7629F901DC007433D4 /* PubgLoad.mm in Sources */,
			);
			runOnlyForDeploymentPostprocessing = 0;
		};
/* End PBXSourcesBuildPhase section */

/* Begin XCBuildConfiguration section */
		CD701A03283E76A3006DC3F7 /* Release */ = {
			isa = XCBuildConfiguration;
			buildSettings = {
				CLANG_WARN_BLOCK_CAPTURE_AUTORELEASING = YES;
				CLANG_WARN_BOOL_CONVERSION = YES;
				CLANG_WARN_COMMA = YES;
				CLANG_WARN_CONSTANT_CONVERSION = YES;
				CLANG_WARN_DEPRECATED_OBJC_IMPLEMENTATIONS = YES;
				CLANG_WARN_EMPTY_BODY = YES;
				CLANG_WARN_ENUM_CONVERSION = YES;
				CLANG_WARN_INFINITE_RECURSION = YES;
				CLANG_WARN_INT_CONVERSION = YES;
				CLANG_WARN_NON_LITERAL_NULL_CONVERSION = YES;
				CLANG_WARN_OBJC_IMPLICIT_RETAIN_SELF = YES;
				CLANG_WARN_OBJC_LITERAL_CONVERSION = YES;
				CLANG_WARN_QUOTED_INCLUDE_IN_FRAMEWORK_HEADER = YES;
				CLANG_WARN_RANGE_LOOP_ANALYSIS = YES;
				CLANG_WARN_STRICT_PROTOTYPES = YES;
				CLANG_WARN_SUSPICIOUS_MOVE = YES;
				CLANG_WARN_UNREACHABLE_CODE = YES;
				CLANG_WARN__DUPLICATE_METHOD_MATCH = YES;
				COPY_PHASE_STRIP = YES;
				ENABLE_STRICT_OBJC_MSGSEND = YES;
				EXCLUDED_RECURSIVE_SEARCH_PATH_SUBDIRECTORIES = "*.nib *.lproj *.gch (*) .DS_Store CVS .svn .git .hg *.xcodeproj *.xcode *.pbproj *.pbxproj";
				FRAMEWORK_SEARCH_PATHS = (
					"$(MonkeyDevPath)/frameworks/**",
					"$(MonkeyDevTheosPath)/vendor/lib",
				);
				GCC_C_LANGUAGE_STANDARD = gnu99;
				GCC_NO_COMMON_BLOCKS = YES;
				GCC_WARN_64_TO_32_BIT_CONVERSION = YES;
				GCC_WARN_ABOUT_MISSING_PROTOTYPES = YES;
				GCC_WARN_ABOUT_RETURN_TYPE = YES;
				GCC_WARN_UNDECLARED_SELECTOR = YES;
				GCC_WARN_UNINITIALIZED_AUTOS = YES;
				GCC_WARN_UNUSED_FUNCTION = YES;
				GCC_WARN_UNUSED_VARIABLE = YES;
				HEADER_SEARCH_PATHS = "$(MonkeyDevTheosPath)/vendor/include/**";
				IPHONEOS_DEPLOYMENT_TARGET = 12.0;
				LIBRARY_SEARCH_PATHS = "$(MonkeyDevTheosPath)/vendor/lib/**";
				MonkeyDevPath = /opt/MonkeyDev;
				MonkeyDevTheosPath = /opt/theos;
				OTHER_CFLAGS = "";
				SDKROOT = iphoneos;
				TARGETED_DEVICE_FAMILY = "1,2";
				VALIDATE_PRODUCT = YES;
			};
			name = Release;
		};
		CD701A04283E76A3006DC3F7 /* Debug */ = {
			isa = XCBuildConfiguration;
			buildSettings = {
				CLANG_WARN_BLOCK_CAPTURE_AUTORELEASING = YES;
				CLANG_WARN_BOOL_CONVERSION = YES;
				CLANG_WARN_COMMA = YES;
				CLANG_WARN_CONSTANT_CONVERSION = YES;
				CLANG_WARN_DEPRECATED_OBJC_IMPLEMENTATIONS = YES;
				CLANG_WARN_EMPTY_BODY = YES;
				CLANG_WARN_ENUM_CONVERSION = YES;
				CLANG_WARN_INFINITE_RECURSION = YES;
				CLANG_WARN_INT_CONVERSION = YES;
				CLANG_WARN_NON_LITERAL_NULL_CONVERSION = YES;
				CLANG_WARN_OBJC_IMPLICIT_RETAIN_SELF = YES;
				CLANG_WARN_OBJC_LITERAL_CONVERSION = YES;
				CLANG_WARN_QUOTED_INCLUDE_IN_FRAMEWORK_HEADER = YES;
				CLANG_WARN_RANGE_LOOP_ANALYSIS = YES;
				CLANG_WARN_STRICT_PROTOTYPES = YES;
				CLANG_WARN_SUSPICIOUS_MOVE = YES;
				CLANG_WARN_UNREACHABLE_CODE = YES;
				CLANG_WARN__DUPLICATE_METHOD_MATCH = YES;
				COPY_PHASE_STRIP = NO;
				ENABLE_STRICT_OBJC_MSGSEND = YES;
				ENABLE_TESTABILITY = YES;
				EXCLUDED_RECURSIVE_SEARCH_PATH_SUBDIRECTORIES = "*.nib *.lproj *.gch (*) .DS_Store CVS .svn .git .hg *.xcodeproj *.xcode *.pbproj *.pbxproj";
				FRAMEWORK_SEARCH_PATHS = (
					"$(MonkeyDevPath)/frameworks/**",
					"$(MonkeyDevTheosPath)/vendor/lib",
				);
				GCC_C_LANGUAGE_STANDARD = gnu99;
				GCC_DYNAMIC_NO_PIC = NO;
				GCC_NO_COMMON_BLOCKS = YES;
				GCC_OPTIMIZATION_LEVEL = 0;
				GCC_PREPROCESSOR_DEFINITIONS = (
					"DEBUG=1",
					"$(inherited)",
				);
				GCC_SYMBOLS_PRIVATE_EXTERN = NO;
				GCC_WARN_64_TO_32_BIT_CONVERSION = YES;
				GCC_WARN_ABOUT_MISSING_PROTOTYPES = YES;
				GCC_WARN_ABOUT_RETURN_TYPE = YES;
				GCC_WARN_UNDECLARED_SELECTOR = YES;
				GCC_WARN_UNINITIALIZED_AUTOS = YES;
				GCC_WARN_UNUSED_FUNCTION = YES;
				GCC_WARN_UNUSED_VARIABLE = YES;
				HEADER_SEARCH_PATHS = "$(MonkeyDevTheosPath)/vendor/include/**";
				IPHONEOS_DEPLOYMENT_TARGET = 12.0;
				LIBRARY_SEARCH_PATHS = "$(MonkeyDevTheosPath)/vendor/lib/**";
				MonkeyDevPath = /opt/MonkeyDev;
				MonkeyDevTheosPath = /opt/theos;
				ONLY_ACTIVE_ARCH = YES;
				OTHER_CFLAGS = "";
				SDKROOT = iphoneos;
				TARGETED_DEVICE_FAMILY = "1,2";
				VALIDATE_PRODUCT = NO;
			};
			name = Debug;
		};
		CD701A06283E76A3006DC3F7 /* Release */ = {
			isa = XCBuildConfiguration;
			buildSettings = {
				ALWAYS_SEARCH_USER_PATHS = NO;
				CLANG_ENABLE_OBJC_ARC = YES;
				CODE_SIGN_IDENTITY = "iPhone Developer";
				CODE_SIGN_STYLE = Automatic;
				COMPILER_INDEX_STORE_ENABLE = YES;
				DEVELOPMENT_TEAM = 7RVGRL9LRW;
				DYLIB_COMPATIBILITY_VERSION = 1;
				DYLIB_CURRENT_VERSION = 1;
				ENABLE_BITCODE = NO;
				EXCLUDED_ARCHS = "";
				FRAMEWORK_SEARCH_PATHS = (
					"$(inherited)",
					"$(PROJECT_DIR)",
				);
				GCC_C_LANGUAGE_STANDARD = gnu11;
				GCC_PRECOMPILE_PREFIX_HEADER = YES;
				GCC_PREFIX_HEADER = "王者绘制-Prefix.pch";
				HEADER_SEARCH_PATHS = (
					"$(MonkeyDevPath)/include",
					"$(MonkeyDevTheosPath)/vendor/include/**",
				);
				INSTALL_PATH = /Library/MobileSubstrate/DynamicLibraries;
				IPHONEOS_DEPLOYMENT_TARGET = 12.1;
				LIBRARY_SEARCH_PATHS = "$(inherited)";
				MonkeyDevBuildPackageOnAnyBuild = YES;
				MonkeyDevClearUiCacheOnInstall = NO;
				MonkeyDevCopyOnBuild = NO;
				MonkeyDevDeviceIP = 192.168.1.2;
				MonkeyDevDevicePassword = alpine;
				MonkeyDevDevicePort = 22;
				MonkeyDevInstallOnAnyBuild = YES;
				MonkeyDevInstallOnProfiling = YES;
				MonkeyDevkillProcessOnInstall = SpringBoard;
				OTHER_CFLAGS = "";
				PRECOMPS_INCLUDE_HEADERS_FROM_BUILT_PRODUCTS_DIR = YES;
				PRODUCT_NAME = "王者绘制";
				SUPPORTS_MACCATALYST = NO;
				TARGETED_DEVICE_FAMILY = "1,2";
				VALID_ARCHS = "arm64 armv7 armv7s arm64e";
			};
			name = Release;
		};
		CD701A07283E76A3006DC3F7 /* Debug */ = {
			isa = XCBuildConfiguration;
			buildSettings = {
				ALWAYS_SEARCH_USER_PATHS = NO;
				"ARCHS[sdk=*]" = "$(ARCHS_STANDARD)";
				CLANG_ENABLE_OBJC_ARC = YES;
				CODE_SIGN_IDENTITY = "iPhone Developer";
				CODE_SIGN_STYLE = Automatic;
				COMPILER_INDEX_STORE_ENABLE = YES;
				DEVELOPMENT_TEAM = 7RVGRL9LRW;
				DYLIB_COMPATIBILITY_VERSION = 1;
				DYLIB_CURRENT_VERSION = 1;
				ENABLE_BITCODE = NO;
				EXCLUDED_ARCHS = "";
				FRAMEWORK_SEARCH_PATHS = (
					"$(inherited)",
					"$(PROJECT_DIR)",
				);
				GCC_C_LANGUAGE_STANDARD = gnu11;
				GCC_PRECOMPILE_PREFIX_HEADER = YES;
				GCC_PREFIX_HEADER = "王者绘制-Prefix.pch";
				HEADER_SEARCH_PATHS = (
					"$(MonkeyDevPath)/include",
					"$(MonkeyDevTheosPath)/vendor/include/**",
				);
				INSTALL_PATH = /Library/MobileSubstrate/DynamicLibraries;
				IPHONEOS_DEPLOYMENT_TARGET = 12.1;
				LIBRARY_SEARCH_PATHS = "$(inherited)";
				MonkeyDevBuildPackageOnAnyBuild = YES;
				MonkeyDevClearUiCacheOnInstall = NO;
				MonkeyDevCopyOnBuild = NO;
				MonkeyDevDeviceIP = 192.168.1.2;
				MonkeyDevDevicePassword = alpine;
				MonkeyDevDevicePort = 22;
				MonkeyDevInstallOnAnyBuild = YES;
				MonkeyDevInstallOnProfiling = YES;
				MonkeyDevkillProcessOnInstall = SpringBoard;
				OTHER_CFLAGS = "";
				PRECOMPS_INCLUDE_HEADERS_FROM_BUILT_PRODUCTS_DIR = YES;
				PRODUCT_NAME = "王者绘制";
				SUPPORTS_MACCATALYST = NO;
				TARGETED_DEVICE_FAMILY = "1,2";
				VALID_ARCHS = "arm64 armv7 armv7s arm64e";
			};
			name = Debug;
		};
/* End XCBuildConfiguration section */

/* Begin XCConfigurationList section */
		CD7019EC283E76A3006DC3F7 /* Build configuration list for PBXProject "王者绘制" */ = {
			isa = XCConfigurationList;
			buildConfigurations = (
				CD701A03283E76A3006DC3F7 /* Release */,
				CD701A04283E76A3006DC3F7 /* Debug */,
			);
			defaultConfigurationIsVisible = 0;
			defaultConfigurationName = Release;
		};
		CD701A05283E76A3006DC3F7 /* Build configuration list for PBXNativeTarget "王者绘制" */ = {
			isa = XCConfigurationList;
			buildConfigurations = (
				CD701A06283E76A3006DC3F7 /* Release */,
				CD701A07283E76A3006DC3F7 /* Debug */,
			);
			defaultConfigurationIsVisible = 0;
			defaultConfigurationName = Release;
		};
/* End XCConfigurationList section */
	};
	rootObject = CD7019E9283E76A3006DC3F7 /* Project object */;
}
